{
  "dependencies": {
    "adm-zip": {
      "version": "0.4.7",
      "resolved": "http://registry.npm.taobao.org/adm-zip/download/adm-zip-0.4.7.tgz",
      "from": "adm-zip@0.4.7"
    },
    "bson": {
      "version": "0.5.5",
      "resolved": "http://registry.npm.taobao.org/bson/download/bson-0.5.5.tgz",
      "from": "bson@0.5.5"
    }
  }
}
