{
  "dependencies": {
    "ajv": {
      "version": "5.2.3",
      "resolved": "http://registry.npm.taobao.org/ajv/download/ajv-5.2.3.tgz",
      "from": "ajv@^5.1.0"
    },
    "amdefine": {
      "version": "1.0.1",
      "resolved": "http://registry.npm.taobao.org/amdefine/download/amdefine-1.0.1.tgz",
      "from": "amdefine@>=0.0.4"
    },
    "asap": {
      "version": "1.0.0",
      "resolved": "http://registry.npm.taobao.org/asap/download/asap-1.0.0.tgz",
      "from": "asap@~1.0.0"
    },
    "asn1": {
      "version": "0.2.3",
      "resolved": "http://registry.npm.taobao.org/asn1/download/asn1-0.2.3.tgz",
      "from": "asn1@~0.2.3"
    },
    "assert-plus": {
      "version": "1.0.0",
      "resolved": "http://registry.npm.taobao.org/assert-plus/download/assert-plus-1.0.0.tgz",
      "from": "assert-plus@^1.0.0"
    },
    "asynckit": {
      "version": "0.4.0",
      "resolved": "http://registry.npm.taobao.org/asynckit/download/asynckit-0.4.0.tgz",
      "from": "asynckit@^0.4.0"
    },
    "autoprefixer-core": {
      "version": "5.2.1",
      "resolved": "http://registry.npm.taobao.org/autoprefixer-core/download/autoprefixer-core-5.2.1.tgz",
      "from": "autoprefixer-core@^5.0.0"
    },
    "aws-sign2": {
      "version": "0.7.0",
      "resolved": "http://registry.npm.taobao.org/aws-sign2/download/aws-sign2-0.7.0.tgz",
      "from": "aws-sign2@~0.7.0"
    },
    "aws4": {
      "version": "1.6.0",
      "resolved": "http://registry.npm.taobao.org/aws4/download/aws4-1.6.0.tgz",
      "from": "aws4@^1.6.0"
    },
    "bcrypt-pbkdf": {
      "version": "1.0.1",
      "resolved": "http://registry.npm.taobao.org/bcrypt-pbkdf/download/bcrypt-pbkdf-1.0.1.tgz",
      "from": "bcrypt-pbkdf@^1.0.0"
    },
    "boom": {
      "version": "4.3.1",
      "resolved": "http://registry.npm.taobao.org/boom/download/boom-4.3.1.tgz",
      "from": "boom@4.x.x"
    },
    "browserslist": {
      "version": "0.4.0",
      "resolved": "http://registry.npm.taobao.org/browserslist/download/browserslist-0.4.0.tgz",
      "from": "browserslist@~0.4.0"
    },
    "caniuse-db": {
      "version": "1.0.30000746",
      "resolved": "https://registry.npm.taobao.org/caniuse-db/download/caniuse-db-1.0.30000746.tgz",
      "from": "caniuse-db@>=1.0.30000214 <2.0.0"
    },
    "caseless": {
      "version": "0.12.0",
      "resolved": "http://registry.npm.taobao.org/caseless/download/caseless-0.12.0.tgz",
      "from": "caseless@~0.12.0"
    },
    "co": {
      "version": "4.6.0",
      "resolved": "http://registry.npm.taobao.org/co/download/co-4.6.0.tgz",
      "from": "co@^4.6.0"
    },
    "combined-stream": {
      "version": "1.0.5",
      "resolved": "http://registry.npm.taobao.org/combined-stream/download/combined-stream-1.0.5.tgz",
      "from": "combined-stream@~1.0.5"
    },
    "core-util-is": {
      "version": "1.0.2",
      "resolved": "http://registry.npm.taobao.org/core-util-is/download/core-util-is-1.0.2.tgz",
      "from": "core-util-is@1.0.2"
    },
    "cryptiles": {
      "version": "3.1.2",
      "resolved": "http://registry.npm.taobao.org/cryptiles/download/cryptiles-3.1.2.tgz",
      "from": "cryptiles@3.x.x",
      "dependencies": {
        "boom": {
          "version": "5.2.0",
          "resolved": "http://registry.npm.taobao.org/boom/download/boom-5.2.0.tgz",
          "from": "boom@5.x.x"
        }
      }
    },
    "dashdash": {
      "version": "1.14.1",
      "resolved": "http://registry.npm.taobao.org/dashdash/download/dashdash-1.14.1.tgz",
      "from": "dashdash@^1.12.0"
    },
    "delayed-stream": {
      "version": "1.0.0",
      "resolved": "http://registry.npm.taobao.org/delayed-stream/download/delayed-stream-1.0.0.tgz",
      "from": "delayed-stream@~1.0.0"
    },
    "ecc-jsbn": {
      "version": "0.1.1",
      "resolved": "http://registry.npm.taobao.org/ecc-jsbn/download/ecc-jsbn-0.1.1.tgz",
      "from": "ecc-jsbn@~0.1.1"
    },
    "errno": {
      "version": "0.1.4",
      "resolved": "http://registry.npm.taobao.org/errno/download/errno-0.1.4.tgz",
      "from": "errno@^0.1.1"
    },
    "es6-promise": {
      "version": "2.3.0",
      "resolved": "http://registry.npm.taobao.org/es6-promise/download/es6-promise-2.3.0.tgz",
      "from": "es6-promise@~2.3.0"
    },
    "extend": {
      "version": "3.0.1",
      "resolved": "http://registry.npm.taobao.org/extend/download/extend-3.0.1.tgz",
      "from": "extend@~3.0.1"
    },
    "extsprintf": {
      "version": "1.3.0",
      "resolved": "http://registry.npm.taobao.org/extsprintf/download/extsprintf-1.3.0.tgz",
      "from": "extsprintf@1.3.0"
    },
    "fast-deep-equal": {
      "version": "1.0.0",
      "resolved": "http://registry.npm.taobao.org/fast-deep-equal/download/fast-deep-equal-1.0.0.tgz",
      "from": "fast-deep-equal@^1.0.0"
    },
    "forever-agent": {
      "version": "0.6.1",
      "resolved": "http://registry.npm.taobao.org/forever-agent/download/forever-agent-0.6.1.tgz",
      "from": "forever-agent@~0.6.1"
    },
    "form-data": {
      "version": "2.3.1",
      "resolved": "http://registry.npm.taobao.org/form-data/download/form-data-2.3.1.tgz",
      "from": "form-data@~2.3.1"
    },
    "getpass": {
      "version": "0.1.7",
      "resolved": "http://registry.npm.taobao.org/getpass/download/getpass-0.1.7.tgz",
      "from": "getpass@^0.1.1"
    },
    "graceful-fs": {
      "version": "3.0.11",
      "resolved": "http://registry.npm.taobao.org/graceful-fs/download/graceful-fs-3.0.11.tgz",
      "from": "graceful-fs@^3.0.5"
    },
    "har-schema": {
      "version": "2.0.0",
      "resolved": "http://registry.npm.taobao.org/har-schema/download/har-schema-2.0.0.tgz",
      "from": "har-schema@^2.0.0"
    },
    "har-validator": {
      "version": "5.0.3",
      "resolved": "http://registry.npm.taobao.org/har-validator/download/har-validator-5.0.3.tgz",
      "from": "har-validator@~5.0.3"
    },
    "hawk": {
      "version": "6.0.2",
      "resolved": "http://registry.npm.taobao.org/hawk/download/hawk-6.0.2.tgz",
      "from": "hawk@~6.0.2"
    },
    "hoek": {
      "version": "4.2.0",
      "resolved": "http://registry.npm.taobao.org/hoek/download/hoek-4.2.0.tgz",
      "from": "hoek@4.x.x"
    },
    "http-signature": {
      "version": "1.2.0",
      "resolved": "http://registry.npm.taobao.org/http-signature/download/http-signature-1.2.0.tgz",
      "from": "http-signature@~1.2.0"
    },
    "image-size": {
      "version": "0.3.5",
      "resolved": "http://registry.npm.taobao.org/image-size/download/image-size-0.3.5.tgz",
      "from": "image-size@~0.3.5"
    },
    "is-typedarray": {
      "version": "1.0.0",
      "resolved": "http://registry.npm.taobao.org/is-typedarray/download/is-typedarray-1.0.0.tgz",
      "from": "is-typedarray@~1.0.0"
    },
    "isstream": {
      "version": "0.1.2",
      "resolved": "http://registry.npm.taobao.org/isstream/download/isstream-0.1.2.tgz",
      "from": "isstream@~0.1.2"
    },
    "js-base64": {
      "version": "2.1.9",
      "resolved": "http://registry.npm.taobao.org/js-base64/download/js-base64-2.1.9.tgz",
      "from": "js-base64@~2.1.8"
    },
    "jsbn": {
      "version": "0.1.1",
      "resolved": "http://registry.npm.taobao.org/jsbn/download/jsbn-0.1.1.tgz",
      "from": "jsbn@~0.1.0"
    },
    "json-schema": {
      "version": "0.2.3",
      "resolved": "http://registry.npm.taobao.org/json-schema/download/json-schema-0.2.3.tgz",
      "from": "json-schema@0.2.3"
    },
    "json-schema-traverse": {
      "version": "0.3.1",
      "resolved": "http://registry.npm.taobao.org/json-schema-traverse/download/json-schema-traverse-0.3.1.tgz",
      "from": "json-schema-traverse@^0.3.0"
    },
    "json-stable-stringify": {
      "version": "1.0.1",
      "resolved": "http://registry.npm.taobao.org/json-stable-stringify/download/json-stable-stringify-1.0.1.tgz",
      "from": "json-stable-stringify@^1.0.1"
    },
    "json-stringify-safe": {
      "version": "5.0.1",
      "resolved": "http://registry.npm.taobao.org/json-stringify-safe/download/json-stringify-safe-5.0.1.tgz",
      "from": "json-stringify-safe@~5.0.1"
    },
    "jsonify": {
      "version": "0.0.0",
      "resolved": "http://registry.npm.taobao.org/jsonify/download/jsonify-0.0.0.tgz",
      "from": "jsonify@~0.0.0"
    },
    "jsprim": {
      "version": "1.4.1",
      "resolved": "http://registry.npm.taobao.org/jsprim/download/jsprim-1.4.1.tgz",
      "from": "jsprim@^1.2.2"
    },
    "less": {
      "version": "2.5.0",
      "resolved": "https://github.com/meteor/less.js/tarball/8130849eb3d7f0ecf0ca8d0af7c4207b0442e3f6",
      "from": "https://github.com/meteor/less.js/tarball/8130849eb3d7f0ecf0ca8d0af7c4207b0442e3f6"
    },
    "less-plugin-autoprefix": {
      "version": "1.4.2",
      "resolved": "http://registry.npm.taobao.org/less-plugin-autoprefix/download/less-plugin-autoprefix-1.4.2.tgz",
      "from": "less-plugin-autoprefix@1.4.2"
    },
    "mime": {
      "version": "1.4.1",
      "resolved": "http://registry.npm.taobao.org/mime/download/mime-1.4.1.tgz",
      "from": "mime@^1.2.11"
    },
    "mime-db": {
      "version": "1.30.0",
      "resolved": "http://registry.npm.taobao.org/mime-db/download/mime-db-1.30.0.tgz",
      "from": "mime-db@~1.30.0"
    },
    "mime-types": {
      "version": "2.1.17",
      "resolved": "http://registry.npm.taobao.org/mime-types/download/mime-types-2.1.17.tgz",
      "from": "mime-types@~2.1.17"
    },
    "minimist": {
      "version": "0.0.8",
      "resolved": "http://registry.npm.taobao.org/minimist/download/minimist-0.0.8.tgz",
      "from": "minimist@0.0.8"
    },
    "mkdirp": {
      "version": "0.5.1",
      "resolved": "http://registry.npm.taobao.org/mkdirp/download/mkdirp-0.5.1.tgz",
      "from": "mkdirp@^0.5.0"
    },
    "natives": {
      "version": "1.1.0",
      "resolved": "http://registry.npm.taobao.org/natives/download/natives-1.1.0.tgz",
      "from": "natives@^1.1.0"
    },
    "num2fraction": {
      "version": "1.2.2",
      "resolved": "http://registry.npm.taobao.org/num2fraction/download/num2fraction-1.2.2.tgz",
      "from": "num2fraction@^1.1.0"
    },
    "oauth-sign": {
      "version": "0.8.2",
      "resolved": "http://registry.npm.taobao.org/oauth-sign/download/oauth-sign-0.8.2.tgz",
      "from": "oauth-sign@~0.8.2"
    },
    "performance-now": {
      "version": "2.1.0",
      "resolved": "http://registry.npm.taobao.org/performance-now/download/performance-now-2.1.0.tgz",
      "from": "performance-now@^2.1.0"
    },
    "postcss": {
      "version": "4.1.16",
      "resolved": "http://registry.npm.taobao.org/postcss/download/postcss-4.1.16.tgz",
      "from": "postcss@^4.1.11"
    },
    "promise": {
      "version": "6.1.0",
      "resolved": "http://registry.npm.taobao.org/promise/download/promise-6.1.0.tgz",
      "from": "promise@^6.0.1"
    },
    "prr": {
      "version": "0.0.0",
      "resolved": "http://registry.npm.taobao.org/prr/download/prr-0.0.0.tgz",
      "from": "prr@~0.0.0"
    },
    "punycode": {
      "version": "1.4.1",
      "resolved": "http://registry.npm.taobao.org/punycode/download/punycode-1.4.1.tgz",
      "from": "punycode@^1.4.1"
    },
    "qs": {
      "version": "6.5.1",
      "resolved": "http://registry.npm.taobao.org/qs/download/qs-6.5.1.tgz",
      "from": "qs@~6.5.1"
    },
    "request": {
      "version": "2.83.0",
      "resolved": "http://registry.npm.taobao.org/request/download/request-2.83.0.tgz",
      "from": "request@^2.51.0"
    },
    "safe-buffer": {
      "version": "5.1.1",
      "resolved": "http://registry.npm.taobao.org/safe-buffer/download/safe-buffer-5.1.1.tgz",
      "from": "safe-buffer@^5.1.1"
    },
    "sntp": {
      "version": "2.0.2",
      "resolved": "http://registry.npm.taobao.org/sntp/download/sntp-2.0.2.tgz",
      "from": "sntp@2.x.x"
    },
    "source-map": {
      "version": "0.4.4",
      "resolved": "http://registry.npm.taobao.org/source-map/download/source-map-0.4.4.tgz",
      "from": "source-map@^0.4.2"
    },
    "sshpk": {
      "version": "1.13.1",
      "resolved": "http://registry.npm.taobao.org/sshpk/download/sshpk-1.13.1.tgz",
      "from": "sshpk@^1.7.0"
    },
    "stringstream": {
      "version": "0.0.5",
      "resolved": "http://registry.npm.taobao.org/stringstream/download/stringstream-0.0.5.tgz",
      "from": "stringstream@~0.0.5"
    },
    "tough-cookie": {
      "version": "2.3.3",
      "resolved": "http://registry.npm.taobao.org/tough-cookie/download/tough-cookie-2.3.3.tgz",
      "from": "tough-cookie@~2.3.3"
    },
    "tunnel-agent": {
      "version": "0.6.0",
      "resolved": "http://registry.npm.taobao.org/tunnel-agent/download/tunnel-agent-0.6.0.tgz",
      "from": "tunnel-agent@^0.6.0"
    },
    "tweetnacl": {
      "version": "0.14.5",
      "resolved": "http://registry.npm.taobao.org/tweetnacl/download/tweetnacl-0.14.5.tgz",
      "from": "tweetnacl@~0.14.0"
    },
    "uuid": {
      "version": "3.1.0",
      "resolved": "http://registry.npm.taobao.org/uuid/download/uuid-3.1.0.tgz",
      "from": "uuid@^3.1.0"
    },
    "verror": {
      "version": "1.10.0",
      "resolved": "http://registry.npm.taobao.org/verror/download/verror-1.10.0.tgz",
      "from": "verror@1.10.0"
    }
  }
}
