{
  "dependencies": {
    "double-ended-queue": {
      "version": "2.1.0-0",
      "resolved": "http://registry.npm.taobao.org/double-ended-queue/download/double-ended-queue-2.1.0-0.tgz",
      "from": "double-ended-queue@^2.1.0-0"
    },
    "redis": {
      "version": "2.2.5",
      "resolved": "http://registry.npm.taobao.org/redis/download/redis-2.2.5.tgz",
      "from": "redis@2.2.5"
    }
  }
}
